# THIS IS AN AUTOGENERATED FILE. DO NOT EDIT THIS FILE DIRECTLY.
# yarn lockfile v1


abstract-leveldown@2.4.1:
  version "2.4.1"
  resolved "http://registry.npmjs.org/abstract-leveldown/-/abstract-leveldown-2.4.1.tgz#b3bfedb884eb693a12775f0c55e9f0a420ccee64"
  dependencies:
    xtend "~4.0.0"

abstract-leveldown@~5.0.0:
  version "5.0.0"
  resolved "https://registry.yarnpkg.com/abstract-leveldown/-/abstract-leveldown-5.0.0.tgz#f7128e1f86ccabf7d2893077ce5d06d798e386c6"
  dependencies:
    xtend "~4.0.0"

argsarray@0.0.1:
  version "0.0.1"
  resolved "https://registry.yarnpkg.com/argsarray/-/argsarray-0.0.1.tgz#6e7207b4ecdb39b0af88303fa5ae22bda8df61cb"

buffer-from@1.1.0:
  version "1.1.0"
  resolved "https://registry.yarnpkg.com/buffer-from/-/buffer-from-1.1.0.tgz#87fcaa3a298358e0ade6e442cfce840740d1ad04"

clone-buffer@1.0.0:
  version "1.0.0"
  resolved "https://registry.yarnpkg.com/clone-buffer/-/clone-buffer-1.0.0.tgz#e3e25b207ac4e701af721e2cb5a16792cac3dc58"

core-util-is@~1.0.0:
  version "1.0.2"
  resolved "https://registry.yarnpkg.com/core-util-is/-/core-util-is-1.0.2.tgz#b5fd54220aa2bc5ab57aab7140c940754503c1a7"

deferred-leveldown@~4.0.0:
  version "4.0.2"
  resolved "https://registry.yarnpkg.com/deferred-leveldown/-/deferred-leveldown-4.0.2.tgz#0b0570087827bf480a23494b398f04c128c19a20"
  dependencies:
    abstract-leveldown "~5.0.0"
    inherits "^2.0.3"

double-ended-queue@2.1.0-0:
  version "2.1.0-0"
  resolved "https://registry.yarnpkg.com/double-ended-queue/-/double-ended-queue-2.1.0-0.tgz#103d3527fd31528f40188130c841efdd78264e5c"

errno@~0.1.1:
  version "0.1.7"
  resolved "https://registry.yarnpkg.com/errno/-/errno-0.1.7.tgz#4684d71779ad39af177e3f007996f7c67c852618"
  dependencies:
    prr "~1.0.1"

es6-denodeify@^0.1.1:
  version "0.1.5"
  resolved "https://registry.yarnpkg.com/es6-denodeify/-/es6-denodeify-0.1.5.tgz#31d4d5fe9c5503e125460439310e16a2a3f39c1f"

fetch-cookie@0.7.0:
  version "0.7.0"
  resolved "https://registry.yarnpkg.com/fetch-cookie/-/fetch-cookie-0.7.0.tgz#a6fc137ad8363aa89125864c6451b86ecb7de802"
  dependencies:
    es6-denodeify "^0.1.1"
    tough-cookie "^2.3.1"

functional-red-black-tree@^1.0.1:
  version "1.0.1"
  resolved "https://registry.yarnpkg.com/functional-red-black-tree/-/functional-red-black-tree-1.0.1.tgz#1b0ab3bd553b2a0d6399d29c0e3ea0b252078327"

immediate@3.0.6:
  version "3.0.6"
  resolved "https://registry.yarnpkg.com/immediate/-/immediate-3.0.6.tgz#9db1dbd0faf8de6fbe0f5dd5e56bb606280de69b"

immediate@^3.2.3:
  version "3.2.3"
  resolved "https://registry.yarnpkg.com/immediate/-/immediate-3.2.3.tgz#d140fa8f614659bd6541233097ddaac25cdd991c"

inherits@2.0.3, inherits@^2.0.1, inherits@^2.0.3, inherits@~2.0.1, inherits@~2.0.3:
  version "2.0.3"
  resolved "https://registry.yarnpkg.com/inherits/-/inherits-2.0.3.tgz#633c2c83e3da42a502f52466022480f4208261de"

isarray@0.0.1:
  version "0.0.1"
  resolved "https://registry.yarnpkg.com/isarray/-/isarray-0.0.1.tgz#8a18acfca9a8f4177e09abfc6038939b05d1eedf"

isarray@~1.0.0:
  version "1.0.0"
  resolved "https://registry.yarnpkg.com/isarray/-/isarray-1.0.0.tgz#bb935d48582cba168c06834957a54a3e07124f11"

level-codec@7.0.1:
  version "7.0.1"
  resolved "https://registry.yarnpkg.com/level-codec/-/level-codec-7.0.1.tgz#341f22f907ce0f16763f24bddd681e395a0fb8a7"

level-errors@~2.0.0:
  version "2.0.0"
  resolved "https://registry.yarnpkg.com/level-errors/-/level-errors-2.0.0.tgz#2de5b566b62eef92f99e19be74397fbc512563fa"
  dependencies:
    errno "~0.1.1"

level-iterator-stream@~2.0.0:
  version "2.0.3"
  resolved "https://registry.yarnpkg.com/level-iterator-stream/-/level-iterator-stream-2.0.3.tgz#ccfff7c046dcf47955ae9a86f46dfa06a31688b4"
  dependencies:
    inherits "^2.0.1"
    readable-stream "^2.0.5"
    xtend "^4.0.0"

levelup@3.0.1:
  version "3.0.1"
  resolved "https://registry.yarnpkg.com/levelup/-/levelup-3.0.1.tgz#07794639fd0af185089130aaea09d03023637b8d"
  dependencies:
    deferred-leveldown "~4.0.0"
    level-errors "~2.0.0"
    level-iterator-stream "~2.0.0"
    xtend "~4.0.0"

ltgt@2.2.1:
  version "2.2.1"
  resolved "https://registry.yarnpkg.com/ltgt/-/ltgt-2.2.1.tgz#f35ca91c493f7b73da0e07495304f17b31f87ee5"

ltgt@~2.1.3:
  version "2.1.3"
  resolved "https://registry.yarnpkg.com/ltgt/-/ltgt-2.1.3.tgz#10851a06d9964b971178441c23c9e52698eece34"

memdown@1.2.4:
  version "1.2.4"
  resolved "https://registry.yarnpkg.com/memdown/-/memdown-1.2.4.tgz#cd9a34aaf074d53445a271108eb4b8dd4ec0f27f"
  dependencies:
    abstract-leveldown "2.4.1"
    functional-red-black-tree "^1.0.1"
    immediate "^3.2.3"
    inherits "~2.0.1"
    ltgt "~2.1.3"

node-fetch@^2.0.0:
  version "2.3.0"
  resolved "https://registry.yarnpkg.com/node-fetch/-/node-fetch-2.3.0.tgz#1a1d940bbfb916a1d3e0219f037e89e71f8c5fa5"

pouchdb-abstract-mapreduce@7.0.0:
  version "7.0.0"
  resolved "https://registry.yarnpkg.com/pouchdb-abstract-mapreduce/-/pouchdb-abstract-mapreduce-7.0.0.tgz#946d79073c9795ca03c9b5c318a64372422e8740"
  dependencies:
    pouchdb-binary-utils "7.0.0"
    pouchdb-collate "7.0.0"
    pouchdb-collections "7.0.0"
    pouchdb-errors "7.0.0"
    pouchdb-fetch "7.0.0"
    pouchdb-mapreduce-utils "7.0.0"
    pouchdb-md5 "7.0.0"
    pouchdb-utils "7.0.0"

pouchdb-adapter-http@^7.0.0:
  version "7.0.0"
  resolved "https://registry.yarnpkg.com/pouchdb-adapter-http/-/pouchdb-adapter-http-7.0.0.tgz#fe1fcd9755227b92efd4c74ac06558e528ac1d34"
  dependencies:
    argsarray "0.0.1"
    pouchdb-binary-utils "7.0.0"
    pouchdb-errors "7.0.0"
    pouchdb-fetch "7.0.0"
    pouchdb-utils "7.0.0"

pouchdb-adapter-leveldb-core@7.0.0:
  version "7.0.0"
  resolved "https://registry.yarnpkg.com/pouchdb-adapter-leveldb-core/-/pouchdb-adapter-leveldb-core-7.0.0.tgz#340667628cc12a325e99ad5f3a0abba084511063"
  dependencies:
    argsarray "0.0.1"
    buffer-from "1.1.0"
    double-ended-queue "2.1.0-0"
    levelup "3.0.1"
    pouchdb-adapter-utils "7.0.0"
    pouchdb-binary-utils "7.0.0"
    pouchdb-collections "7.0.0"
    pouchdb-errors "7.0.0"
    pouchdb-json "7.0.0"
    pouchdb-md5 "7.0.0"
    pouchdb-merge "7.0.0"
    pouchdb-utils "7.0.0"
    sublevel-pouchdb "7.0.0"
    through2 "2.0.3"

pouchdb-adapter-memory@^7.0.0:
  version "7.0.0"
  resolved "https://registry.yarnpkg.com/pouchdb-adapter-memory/-/pouchdb-adapter-memory-7.0.0.tgz#ba7a9719f2679b3f857a474e7c6be899640b3ca8"
  dependencies:
    memdown "1.2.4"
    pouchdb-adapter-leveldb-core "7.0.0"
    pouchdb-utils "7.0.0"

pouchdb-adapter-utils@7.0.0:
  version "7.0.0"
  resolved "https://registry.yarnpkg.com/pouchdb-adapter-utils/-/pouchdb-adapter-utils-7.0.0.tgz#1ac8d34481911e0e9a9bf51024610a2e7351dc80"
  dependencies:
    pouchdb-binary-utils "7.0.0"
    pouchdb-collections "7.0.0"
    pouchdb-errors "7.0.0"
    pouchdb-md5 "7.0.0"
    pouchdb-merge "7.0.0"
    pouchdb-utils "7.0.0"

pouchdb-binary-utils@7.0.0:
  version "7.0.0"
  resolved "https://registry.yarnpkg.com/pouchdb-binary-utils/-/pouchdb-binary-utils-7.0.0.tgz#cb71a288b09572a231f6bab1b4aed201c4d219a7"
  dependencies:
    buffer-from "1.1.0"

pouchdb-changes-filter@7.0.0:
  version "7.0.0"
  resolved "https://registry.yarnpkg.com/pouchdb-changes-filter/-/pouchdb-changes-filter-7.0.0.tgz#05d2969da278b0c0d5b37ce3883b787b87f0c216"
  dependencies:
    pouchdb-errors "7.0.0"
    pouchdb-selector-core "7.0.0"
    pouchdb-utils "7.0.0"

pouchdb-checkpointer@7.0.0:
  version "7.0.0"
  resolved "https://registry.yarnpkg.com/pouchdb-checkpointer/-/pouchdb-checkpointer-7.0.0.tgz#e02b98f18c7a50fb01c31c865b735d0d9dc7be1d"
  dependencies:
    pouchdb-collate "7.0.0"
    pouchdb-utils "7.0.0"

pouchdb-collate@7.0.0:
  version "7.0.0"
  resolved "https://registry.yarnpkg.com/pouchdb-collate/-/pouchdb-collate-7.0.0.tgz#4f9a0a03c236f1677a971c400b79b7baf6379a4d"

pouchdb-collections@7.0.0:
  version "7.0.0"
  resolved "https://registry.yarnpkg.com/pouchdb-collections/-/pouchdb-collections-7.0.0.tgz#fd1f632337dc6301b0ff8649732ca79204e41780"

pouchdb-core@^7.0.0:
  version "7.0.0"
  resolved "https://registry.yarnpkg.com/pouchdb-core/-/pouchdb-core-7.0.0.tgz#d86c9938fe388693eab7e05c5171bfbbe0290768"
  dependencies:
    argsarray "0.0.1"
    inherits "2.0.3"
    pouchdb-changes-filter "7.0.0"
    pouchdb-collections "7.0.0"
    pouchdb-errors "7.0.0"
    pouchdb-fetch "7.0.0"
    pouchdb-merge "7.0.0"
    pouchdb-utils "7.0.0"

pouchdb-errors@7.0.0:
  version "7.0.0"
  resolved "https://registry.yarnpkg.com/pouchdb-errors/-/pouchdb-errors-7.0.0.tgz#4e2a5a8b82af20cbe5f9970ca90b7ec74563caa0"
  dependencies:
    inherits "2.0.3"

pouchdb-fetch@7.0.0:
  version "7.0.0"
  resolved "https://registry.yarnpkg.com/pouchdb-fetch/-/pouchdb-fetch-7.0.0.tgz#6b56cc49863837f8d5e38b0956ace03f1fcaf8e0"
  dependencies:
    fetch-cookie "0.7.0"
    node-fetch "^2.0.0"

pouchdb-generate-replication-id@7.0.0:
  version "7.0.0"
  resolved "https://registry.yarnpkg.com/pouchdb-generate-replication-id/-/pouchdb-generate-replication-id-7.0.0.tgz#1d885e949a326623fabef747ecfdf6d492765274"
  dependencies:
    pouchdb-collate "7.0.0"
    pouchdb-md5 "7.0.0"

pouchdb-json@7.0.0:
  version "7.0.0"
  resolved "https://registry.yarnpkg.com/pouchdb-json/-/pouchdb-json-7.0.0.tgz#d9860f66f27a359ac6e4b24da4f89b6909f37530"
  dependencies:
    vuvuzela "1.0.3"

pouchdb-mapreduce-utils@7.0.0:
  version "7.0.0"
  resolved "https://registry.yarnpkg.com/pouchdb-mapreduce-utils/-/pouchdb-mapreduce-utils-7.0.0.tgz#ff342e9d515d4c9cf0b19ad85c78f10f2568493b"
  dependencies:
    argsarray "0.0.1"
    inherits "2.0.3"
    pouchdb-collections "7.0.0"
    pouchdb-utils "7.0.0"

pouchdb-mapreduce@^7.0.0:
  version "7.0.0"
  resolved "https://registry.yarnpkg.com/pouchdb-mapreduce/-/pouchdb-mapreduce-7.0.0.tgz#3299caba3aca57eb9ec6fbd424c985f58bd7cde4"
  dependencies:
    pouchdb-abstract-mapreduce "7.0.0"
    pouchdb-mapreduce-utils "7.0.0"
    pouchdb-utils "7.0.0"

pouchdb-md5@7.0.0:
  version "7.0.0"
  resolved "https://registry.yarnpkg.com/pouchdb-md5/-/pouchdb-md5-7.0.0.tgz#935dc6bb507a5f3978fb653ca5790331bae67c96"
  dependencies:
    pouchdb-binary-utils "7.0.0"
    spark-md5 "3.0.0"

pouchdb-merge@7.0.0:
  version "7.0.0"
  resolved "https://registry.yarnpkg.com/pouchdb-merge/-/pouchdb-merge-7.0.0.tgz#9f476ce7e32aae56904ad770ae8a1dfe14b57547"

pouchdb-replication@^7.0.0:
  version "7.0.0"
  resolved "https://registry.yarnpkg.com/pouchdb-replication/-/pouchdb-replication-7.0.0.tgz#b71751183dfa9337127d31de588e11e12cde5d9a"
  dependencies:
    inherits "2.0.3"
    pouchdb-checkpointer "7.0.0"
    pouchdb-errors "7.0.0"
    pouchdb-generate-replication-id "7.0.0"
    pouchdb-utils "7.0.0"

pouchdb-selector-core@7.0.0:
  version "7.0.0"
  resolved "https://registry.yarnpkg.com/pouchdb-selector-core/-/pouchdb-selector-core-7.0.0.tgz#824bd0980bd9778b3ddef869306a6cdb928df703"
  dependencies:
    pouchdb-collate "7.0.0"
    pouchdb-utils "7.0.0"

pouchdb-utils@7.0.0:
  version "7.0.0"
  resolved "https://registry.yarnpkg.com/pouchdb-utils/-/pouchdb-utils-7.0.0.tgz#48bfced6665b8f5a2b2d2317e2aa57635ed1e88e"
  dependencies:
    argsarray "0.0.1"
    clone-buffer "1.0.0"
    immediate "3.0.6"
    inherits "2.0.3"
    pouchdb-collections "7.0.0"
    pouchdb-errors "7.0.0"
    pouchdb-md5 "7.0.0"
    uuid "3.2.1"

process-nextick-args@~2.0.0:
  version "2.0.0"
  resolved "https://registry.yarnpkg.com/process-nextick-args/-/process-nextick-args-2.0.0.tgz#a37d732f4271b4ab1ad070d35508e8290788ffaa"

prr@~1.0.1:
  version "1.0.1"
  resolved "https://registry.yarnpkg.com/prr/-/prr-1.0.1.tgz#d3fc114ba06995a45ec6893f484ceb1d78f5f476"

psl@^1.1.28:
  version "1.1.29"
  resolved "https://registry.yarnpkg.com/psl/-/psl-1.1.29.tgz#60f580d360170bb722a797cc704411e6da850c67"

punycode@^2.1.1:
  version "2.1.1"
  resolved "https://registry.yarnpkg.com/punycode/-/punycode-2.1.1.tgz#b58b010ac40c22c5657616c8d2c2c02c7bf479ec"

readable-stream@1.0.33:
  version "1.0.33"
  resolved "http://registry.npmjs.org/readable-stream/-/readable-stream-1.0.33.tgz#3a360dd66c1b1d7fd4705389860eda1d0f61126c"
  dependencies:
    core-util-is "~1.0.0"
    inherits "~2.0.1"
    isarray "0.0.1"
    string_decoder "~0.10.x"

readable-stream@^2.0.5, readable-stream@^2.1.5:
  version "2.3.6"
  resolved "http://registry.npmjs.org/readable-stream/-/readable-stream-2.3.6.tgz#b11c27d88b8ff1fbe070643cf94b0c79ae1b0aaf"
  dependencies:
    core-util-is "~1.0.0"
    inherits "~2.0.3"
    isarray "~1.0.0"
    process-nextick-args "~2.0.0"
    safe-buffer "~5.1.1"
    string_decoder "~1.1.1"
    util-deprecate "~1.0.1"

safe-buffer@~5.1.0, safe-buffer@~5.1.1:
  version "5.1.2"
  resolved "https://registry.yarnpkg.com/safe-buffer/-/safe-buffer-5.1.2.tgz#991ec69d296e0313747d59bdfd2b745c35f8828d"

spark-md5@3.0.0:
  version "3.0.0"
  resolved "https://registry.yarnpkg.com/spark-md5/-/spark-md5-3.0.0.tgz#3722227c54e2faf24b1dc6d933cc144e6f71bfef"

string_decoder@~0.10.x:
  version "0.10.31"
  resolved "http://registry.npmjs.org/string_decoder/-/string_decoder-0.10.31.tgz#62e203bc41766c6c28c9fc84301dab1c5310fa94"

string_decoder@~1.1.1:
  version "1.1.1"
  resolved "http://registry.npmjs.org/string_decoder/-/string_decoder-1.1.1.tgz#9cf1611ba62685d7030ae9e4ba34149c3af03fc8"
  dependencies:
    safe-buffer "~5.1.0"

sublevel-pouchdb@7.0.0:
  version "7.0.0"
  resolved "https://registry.yarnpkg.com/sublevel-pouchdb/-/sublevel-pouchdb-7.0.0.tgz#4bbcd778737928580539be7d3106a20e038ae2f6"
  dependencies:
    inherits "2.0.3"
    level-codec "7.0.1"
    ltgt "2.2.1"
    readable-stream "1.0.33"

through2@2.0.3:
  version "2.0.3"
  resolved "http://registry.npmjs.org/through2/-/through2-2.0.3.tgz#0004569b37c7c74ba39c43f3ced78d1ad94140be"
  dependencies:
    readable-stream "^2.1.5"
    xtend "~4.0.1"

tough-cookie@^2.3.1:
  version "2.5.0"
  resolved "https://registry.yarnpkg.com/tough-cookie/-/tough-cookie-2.5.0.tgz#cd9fb2a0aa1d5a12b473bd9fb96fa3dcff65ade2"
  dependencies:
    psl "^1.1.28"
    punycode "^2.1.1"

util-deprecate@~1.0.1:
  version "1.0.2"
  resolved "https://registry.yarnpkg.com/util-deprecate/-/util-deprecate-1.0.2.tgz#450d4dc9fa70de732762fbd2d4a28981419a0ccf"

uuid@3.2.1:
  version "3.2.1"
  resolved "https://registry.yarnpkg.com/uuid/-/uuid-3.2.1.tgz#12c528bb9d58d0b9265d9a2f6f0fe8be17ff1f14"

vuvuzela@1.0.3:
  version "1.0.3"
  resolved "https://registry.yarnpkg.com/vuvuzela/-/vuvuzela-1.0.3.tgz#3be145e58271c73ca55279dd851f12a682114b0b"

xtend@^4.0.0, xtend@~4.0.0, xtend@~4.0.1:
  version "4.0.1"
  resolved "https://registry.yarnpkg.com/xtend/-/xtend-4.0.1.tgz#a5c6d532be656e23db820efb943a1f04998d63af"
